
Microsoft Visual Studio Solution File, Format Version 12.00
# Visual Studio Version 16
VisualStudioVersion = 16.0.30002.166
MinimumVisualStudioVersion = 10.0.40219.1
Project("{2150E333-8FDC-42A3-9474-1A3956D46DE8}") = "Solution Items", "Solution Items", "{2F5795BA-D175-4B92-BB93-07D497B1484B}"
	ProjectSection(SolutionItems) = preProject
		.editorconfig = .editorconfig
	EndProjectSection
EndProject
Project("{9A19103F-16F7-4668-BE54-9A1E7A4F7556}") = "Drive Icon Changer", "Drive Icon Changer\Drive Icon Changer.csproj", "{6F1CFB49-FA54-46DC-807A-98772A988501}"
EndProject
Project("{9A19103F-16F7-4668-BE54-9A1E7A4F7556}") = "LiNK Creator", "LiNK Creator\LiNK Creator.csproj", "{F7C9A337-3E54-49DE-9EE3-F283339CB7E2}"
EndProject
Project("{9A19103F-16F7-4668-BE54-9A1E7A4F7556}") = "Registry Exporter", "Registry Exporter\Registry Exporter.csproj", "{4618CDFB-0B3E-4B7C-94F3-99BF54F0B9B4}"
EndProject
Project("{9A19103F-16F7-4668-BE54-9A1E7A4F7556}") = "Reg", "Reg\Reg.csproj", "{DD09DE42-96B3-4936-9BB0-73E19168FA5D}"
EndProject
Global
	GlobalSection(SolutionConfigurationPlatforms) = preSolution
		Debug|Any CPU = Debug|Any CPU
		Release|Any CPU = Release|Any CPU
	EndGlobalSection
	GlobalSection(ProjectConfigurationPlatforms) = postSolution
		{6F1CFB49-FA54-46DC-807A-98772A988501}.Debug|Any CPU.ActiveCfg = Debug|Any CPU
		{6F1CFB49-FA54-46DC-807A-98772A988501}.Debug|Any CPU.Build.0 = Debug|Any CPU
		{6F1CFB49-FA54-46DC-807A-98772A988501}.Release|Any CPU.ActiveCfg = Release|Any CPU
		{6F1CFB49-FA54-46DC-807A-98772A988501}.Release|Any CPU.Build.0 = Release|Any CPU
		{F7C9A337-3E54-49DE-9EE3-F283339CB7E2}.Debug|Any CPU.ActiveCfg = Debug|Any CPU
		{F7C9A337-3E54-49DE-9EE3-F283339CB7E2}.Debug|Any CPU.Build.0 = Debug|Any CPU
		{F7C9A337-3E54-49DE-9EE3-F283339CB7E2}.Release|Any CPU.ActiveCfg = Release|Any CPU
		{F7C9A337-3E54-49DE-9EE3-F283339CB7E2}.Release|Any CPU.Build.0 = Release|Any CPU
		{4618CDFB-0B3E-4B7C-94F3-99BF54F0B9B4}.Debug|Any CPU.ActiveCfg = Debug|Any CPU
		{4618CDFB-0B3E-4B7C-94F3-99BF54F0B9B4}.Debug|Any CPU.Build.0 = Debug|Any CPU
		{4618CDFB-0B3E-4B7C-94F3-99BF54F0B9B4}.Release|Any CPU.ActiveCfg = Release|Any CPU
		{4618CDFB-0B3E-4B7C-94F3-99BF54F0B9B4}.Release|Any CPU.Build.0 = Release|Any CPU
		{DD09DE42-96B3-4936-9BB0-73E19168FA5D}.Debug|Any CPU.ActiveCfg = Debug|Any CPU
		{DD09DE42-96B3-4936-9BB0-73E19168FA5D}.Debug|Any CPU.Build.0 = Debug|Any CPU
		{DD09DE42-96B3-4936-9BB0-73E19168FA5D}.Release|Any CPU.ActiveCfg = Release|Any CPU
		{DD09DE42-96B3-4936-9BB0-73E19168FA5D}.Release|Any CPU.Build.0 = Release|Any CPU
	EndGlobalSection
	GlobalSection(SolutionProperties) = preSolution
		HideSolutionNode = FALSE
	EndGlobalSection
	GlobalSection(ExtensibilityGlobals) = postSolution
		SolutionGuid = {624D0607-64B0-419D-9927-B6D4217C1049}
	EndGlobalSection
EndGlobal
